Microsoft Visual Studio Solution File, Format Version 12.00
# Visual Studio Version 17
VisualStudioVersion = 17.5.2.0
MinimumVisualStudioVersion = 10.0.40219.1
Project("{FAE04EC0-301F-11D3-BF4B-00C04F79EFBC}") = "Baba_Rapa", "Baba_Rapa\Baba_Rapa.csproj", "{76120070-F7E5-29D7-C97B-7FC04F9BE389}"
EndProject
Global
	GlobalSection(SolutionConfigurationPlatforms) = preSolution
		Debug|Any CPU = Debug|Any CPU
		Release|Any CPU = Release|Any CPU
	EndGlobalSection
	GlobalSection(ProjectConfigurationPlatforms) = postSolution
		{76120070-F7E5-29D7-C97B-7FC04F9BE389}.Debug|Any CPU.ActiveCfg = Debug|Any CPU
		{76120070-F7E5-29D7-C97B-7FC04F9BE389}.Debug|Any CPU.Build.0 = Debug|Any CPU
		{76120070-F7E5-29D7-C97B-7FC04F9BE389}.Release|Any CPU.ActiveCfg = Release|Any CPU
		{76120070-F7E5-29D7-C97B-7FC04F9BE389}.Release|Any CPU.Build.0 = Release|Any CPU
	EndGlobalSection
	GlobalSection(SolutionProperties) = preSolution
		HideSolutionNode = FALSE
	EndGlobalSection
	GlobalSection(ExtensibilityGlobals) = postSolution
		SolutionGuid = {7E638C6E-8177-4503-B43D-8162E1AC4D17}
	EndGlobalSection
EndGlobal
